// !$*UTF8*$!
{
	archiveVersion = 1;
	classes = {
	};
	objectVersion = 46;
	objects = {

/* Begin PBXBuildFile section */
		A949CF4814C407DA003465E0 /* UIKit.framework in Frameworks */ = {isa = PBXBuildFile; fileRef = A949CF4714C407DA003465E0 /* UIKit.framework */; };
		A949CF4A14C407DA003465E0 /* Foundation.framework in Frameworks */ = {isa = PBXBuildFile; fileRef = A949CF4914C407DA003465E0 /* Foundation.framework */; };
		A949CF4C14C407DA003465E0 /* CoreGraphics.framework in Frameworks */ = {isa = PBXBuildFile; fileRef = A949CF4B14C407DA003465E0 /* CoreGraphics.framework */; };
		A949CF5214C407DA003465E0 /* InfoPlist.strings in Resources */ = {isa = PBXBuildFile; fileRef = A949CF5014C407DA003465E0 /* InfoPlist.strings */; };
		A949CF5414C407DA003465E0 /* main.m in Sources */ = {isa = PBXBuildFile; fileRef = A949CF5314C407DA003465E0 /* main.m */; };
		A949CF5814C407DB003465E0 /* AppDelegate.m in Sources */ = {isa = PBXBuildFile; fileRef = A949CF5714C407DB003465E0 /* AppDelegate.m */; };
		A949CF5B14C407DB003465E0 /* ViewController.m in Sources */ = {isa = PBXBuildFile; fileRef = A949CF5A14C407DB003465E0 /* ViewController.m */; };
		A949CF5E14C407DB003465E0 /* ViewController.xib in Resources */ = {isa = PBXBuildFile; fileRef = A949CF5C14C407DB003465E0 /* ViewController.xib */; };
		A949CF7514C4098E003465E0 /* ASStarRatingView.m in Sources */ = {isa = PBXBuildFile; fileRef = A949CF6D14C4098E003465E0 /* ASStarRatingView.m */; };
		A949CF7614C4098E003465E0 /* half_selected_star.png in Resources */ = {isa = PBXBuildFile; fileRef = A949CF6F14C4098E003465E0 /* half_selected_star.png */; };
		A949CF7714C4098E003465E0 /* half_selected_star@2x.png in Resources */ = {isa = PBXBuildFile; fileRef = A949CF7014C4098E003465E0 /* half_selected_star@2x.png */; };
		A949CF7814C4098E003465E0 /* not_selected_star.png in Resources */ = {isa = PBXBuildFile; fileRef = A949CF7114C4098E003465E0 /* not_selected_star.png */; };
		A949CF7914C4098E003465E0 /* not_selected_star@2x.png in Resources */ = {isa = PBXBuildFile; fileRef = A949CF7214C4098E003465E0 /* not_selected_star@2x.png */; };
		A949CF7A14C4098E003465E0 /* selected_star.png in Resources */ = {isa = PBXBuildFile; fileRef = A949CF7314C4098E003465E0 /* selected_star.png */; };
		A949CF7B14C4098E003465E0 /* selected_star@2x.png in Resources */ = {isa = PBXBuildFile; fileRef = A949CF7414C4098E003465E0 /* selected_star@2x.png */; };
/* End PBXBuildFile section */

/* Begin PBXFileReference section */
		A949CF4314C407DA003465E0 /* ASStarRatingViewDemo.app */ = {isa = PBXFileReference; explicitFileType = wrapper.application; includeInIndex = 0; path = ASStarRatingViewDemo.app; sourceTree = BUILT_PRODUCTS_DIR; };
		A949CF4714C407DA003465E0 /* UIKit.framework */ = {isa = PBXFileReference; lastKnownFileType = wrapper.framework; name = UIKit.framework; path = System/Library/Frameworks/UIKit.framework; sourceTree = SDKROOT; };
		A949CF4914C407DA003465E0 /* Foundation.framework */ = {isa = PBXFileReference; lastKnownFileType = wrapper.framework; name = Foundation.framework; path = System/Library/Frameworks/Foundation.framework; sourceTree = SDKROOT; };
		A949CF4B14C407DA003465E0 /* CoreGraphics.framework */ = {isa = PBXFileReference; lastKnownFileType = wrapper.framework; name = CoreGraphics.framework; path = System/Library/Frameworks/CoreGraphics.framework; sourceTree = SDKROOT; };
		A949CF4F14C407DA003465E0 /* ASStarRatingViewDemo-Info.plist */ = {isa = PBXFileReference; lastKnownFileType = text.plist.xml; path = "ASStarRatingViewDemo-Info.plist"; sourceTree = "<group>"; };
		A949CF5114C407DA003465E0 /* en */ = {isa = PBXFileReference; lastKnownFileType = text.plist.strings; name = en; path = en.lproj/InfoPlist.strings; sourceTree = "<group>"; };
		A949CF5314C407DA003465E0 /* main.m */ = {isa = PBXFileReference; lastKnownFileType = sourcecode.c.objc; path = main.m; sourceTree = "<group>"; };
		A949CF5514C407DA003465E0 /* ASStarRatingViewDemo-Prefix.pch */ = {isa = PBXFileReference; lastKnownFileType = sourcecode.c.h; path = "ASStarRatingViewDemo-Prefix.pch"; sourceTree = "<group>"; };
		A949CF5614C407DB003465E0 /* AppDelegate.h */ = {isa = PBXFileReference; lastKnownFileType = sourcecode.c.h; path = AppDelegate.h; sourceTree = "<group>"; };
		A949CF5714C407DB003465E0 /* AppDelegate.m */ = {isa = PBXFileReference; lastKnownFileType = sourcecode.c.objc; path = AppDelegate.m; sourceTree = "<group>"; };
		A949CF5914C407DB003465E0 /* ViewController.h */ = {isa = PBXFileReference; lastKnownFileType = sourcecode.c.h; path = ViewController.h; sourceTree = "<group>"; };
		A949CF5A14C407DB003465E0 /* ViewController.m */ = {isa = PBXFileReference; lastKnownFileType = sourcecode.c.objc; path = ViewController.m; sourceTree = "<group>"; };
		A949CF5D14C407DB003465E0 /* en */ = {isa = PBXFileReference; lastKnownFileType = file.xib; name = en; path = en.lproj/ViewController.xib; sourceTree = "<group>"; };
		A949CF6C14C4098E003465E0 /* ASStarRatingView.h */ = {isa = PBXFileReference; fileEncoding = 4; lastKnownFileType = sourcecode.c.h; path = ASStarRatingView.h; sourceTree = "<group>"; };
		A949CF6D14C4098E003465E0 /* ASStarRatingView.m */ = {isa = PBXFileReference; fileEncoding = 4; lastKnownFileType = sourcecode.c.objc; path = ASStarRatingView.m; sourceTree = "<group>"; };
		A949CF6F14C4098E003465E0 /* half_selected_star.png */ = {isa = PBXFileReference; lastKnownFileType = image.png; path = half_selected_star.png; sourceTree = "<group>"; };
		A949CF7014C4098E003465E0 /* half_selected_star@2x.png */ = {isa = PBXFileReference; lastKnownFileType = image.png; path = "half_selected_star@2x.png"; sourceTree = "<group>"; };
		A949CF7114C4098E003465E0 /* not_selected_star.png */ = {isa = PBXFileReference; lastKnownFileType = image.png; path = not_selected_star.png; sourceTree = "<group>"; };
		A949CF7214C4098E003465E0 /* not_selected_star@2x.png */ = {isa = PBXFileReference; lastKnownFileType = image.png; path = "not_selected_star@2x.png"; sourceTree = "<group>"; };
		A949CF7314C4098E003465E0 /* selected_star.png */ = {isa = PBXFileReference; lastKnownFileType = image.png; path = selected_star.png; sourceTree = "<group>"; };
		A949CF7414C4098E003465E0 /* selected_star@2x.png */ = {isa = PBXFileReference; lastKnownFileType = image.png; path = "selected_star@2x.png"; sourceTree = "<group>"; };
/* End PBXFileReference section */

/* Begin PBXFrameworksBuildPhase section */
		A949CF4014C407DA003465E0 /* Frameworks */ = {
			isa = PBXFrameworksBuildPhase;
			buildActionMask = 2147483647;
			files = (
				A949CF4814C407DA003465E0 /* UIKit.framework in Frameworks */,
				A949CF4A14C407DA003465E0 /* Foundation.framework in Frameworks */,
				A949CF4C14C407DA003465E0 /* CoreGraphics.framework in Frameworks */,
			);
			runOnlyForDeploymentPostprocessing = 0;
		};
/* End PBXFrameworksBuildPhase section */

/* Begin PBXGroup section */
		A949CF3814C407DA003465E0 = {
			isa = PBXGroup;
			children = (
				A949CF4D14C407DA003465E0 /* ASStarRatingViewDemo */,
				A949CF4614C407DA003465E0 /* Frameworks */,
				A949CF4414C407DA003465E0 /* Products */,
			);
			sourceTree = "<group>";
		};
		A949CF4414C407DA003465E0 /* Products */ = {
			isa = PBXGroup;
			children = (
				A949CF4314C407DA003465E0 /* ASStarRatingViewDemo.app */,
			);
			name = Products;
			sourceTree = "<group>";
		};
		A949CF4614C407DA003465E0 /* Frameworks */ = {
			isa = PBXGroup;
			children = (
				A949CF4714C407DA003465E0 /* UIKit.framework */,
				A949CF4914C407DA003465E0 /* Foundation.framework */,
				A949CF4B14C407DA003465E0 /* CoreGraphics.framework */,
			);
			name = Frameworks;
			sourceTree = "<group>";
		};
		A949CF4D14C407DA003465E0 /* ASStarRatingViewDemo */ = {
			isa = PBXGroup;
			children = (
				A949CF6B14C4098E003465E0 /* ASStarRatingView */,
				A949CF5614C407DB003465E0 /* AppDelegate.h */,
				A949CF5714C407DB003465E0 /* AppDelegate.m */,
				A949CF5914C407DB003465E0 /* ViewController.h */,
				A949CF5A14C407DB003465E0 /* ViewController.m */,
				A949CF5C14C407DB003465E0 /* ViewController.xib */,
				A949CF4E14C407DA003465E0 /* Supporting Files */,
			);
			path = ASStarRatingViewDemo;
			sourceTree = "<group>";
		};
		A949CF4E14C407DA003465E0 /* Supporting Files */ = {
			isa = PBXGroup;
			children = (
				A949CF4F14C407DA003465E0 /* ASStarRatingViewDemo-Info.plist */,
				A949CF5014C407DA003465E0 /* InfoPlist.strings */,
				A949CF5314C407DA003465E0 /* main.m */,
				A949CF5514C407DA003465E0 /* ASStarRatingViewDemo-Prefix.pch */,
			);
			name = "Supporting Files";
			sourceTree = "<group>";
		};
		A949CF6B14C4098E003465E0 /* ASStarRatingView */ = {
			isa = PBXGroup;
			children = (
				A949CF6C14C4098E003465E0 /* ASStarRatingView.h */,
				A949CF6D14C4098E003465E0 /* ASStarRatingView.m */,
				A949CF6E14C4098E003465E0 /* stars */,
			);
			path = ASStarRatingView;
			sourceTree = "<group>";
		};
		A949CF6E14C4098E003465E0 /* stars */ = {
			isa = PBXGroup;
			children = (
				A949CF6F14C4098E003465E0 /* half_selected_star.png */,
				A949CF7014C4098E003465E0 /* half_selected_star@2x.png */,
				A949CF7114C4098E003465E0 /* not_selected_star.png */,
				A949CF7214C4098E003465E0 /* not_selected_star@2x.png */,
				A949CF7314C4098E003465E0 /* selected_star.png */,
				A949CF7414C4098E003465E0 /* selected_star@2x.png */,
			);
			path = stars;
			sourceTree = "<group>";
		};
/* End PBXGroup section */

/* Begin PBXNativeTarget section */
		A949CF4214C407DA003465E0 /* ASStarRatingViewDemo */ = {
			isa = PBXNativeTarget;
			buildConfigurationList = A949CF6414C407DB003465E0 /* Build configuration list for PBXNativeTarget "ASStarRatingViewDemo" */;
			buildPhases = (
				A949CF3F14C407DA003465E0 /* Sources */,
				A949CF4014C407DA003465E0 /* Frameworks */,
				A949CF4114C407DA003465E0 /* Resources */,
			);
			buildRules = (
			);
			dependencies = (
			);
			name = ASStarRatingViewDemo;
			productName = ASStarRatingViewDemo;
			productReference = A949CF4314C407DA003465E0 /* ASStarRatingViewDemo.app */;
			productType = "com.apple.product-type.application";
		};
/* End PBXNativeTarget section */

/* Begin PBXProject section */
		A949CF3A14C407DA003465E0 /* Project object */ = {
			isa = PBXProject;
			attributes = {
				LastUpgradeCheck = 0420;
			};
			buildConfigurationList = A949CF3D14C407DA003465E0 /* Build configuration list for PBXProject "ASStarRatingViewDemo" */;
			compatibilityVersion = "Xcode 3.2";
			developmentRegion = English;
			hasScannedForEncodings = 0;
			knownRegions = (
				en,
			);
			mainGroup = A949CF3814C407DA003465E0;
			productRefGroup = A949CF4414C407DA003465E0 /* Products */;
			projectDirPath = "";
			projectRoot = "";
			targets = (
				A949CF4214C407DA003465E0 /* ASStarRatingViewDemo */,
			);
		};
/* End PBXProject section */

/* Begin PBXResourcesBuildPhase section */
		A949CF4114C407DA003465E0 /* Resources */ = {
			isa = PBXResourcesBuildPhase;
			buildActionMask = 2147483647;
			files = (
				A949CF5214C407DA003465E0 /* InfoPlist.strings in Resources */,
				A949CF5E14C407DB003465E0 /* ViewController.xib in Resources */,
				A949CF7614C4098E003465E0 /* half_selected_star.png in Resources */,
				A949CF7714C4098E003465E0 /* half_selected_star@2x.png in Resources */,
				A949CF7814C4098E003465E0 /* not_selected_star.png in Resources */,
				A949CF7914C4098E003465E0 /* not_selected_star@2x.png in Resources */,
				A949CF7A14C4098E003465E0 /* selected_star.png in Resources */,
				A949CF7B14C4098E003465E0 /* selected_star@2x.png in Resources */,
			);
			runOnlyForDeploymentPostprocessing = 0;
		};
/* End PBXResourcesBuildPhase section */

/* Begin PBXSourcesBuildPhase section */
		A949CF3F14C407DA003465E0 /* Sources */ = {
			isa = PBXSourcesBuildPhase;
			buildActionMask = 2147483647;
			files = (
				A949CF5414C407DA003465E0 /* main.m in Sources */,
				A949CF5814C407DB003465E0 /* AppDelegate.m in Sources */,
				A949CF5B14C407DB003465E0 /* ViewController.m in Sources */,
				A949CF7514C4098E003465E0 /* ASStarRatingView.m in Sources */,
			);
			runOnlyForDeploymentPostprocessing = 0;
		};
/* End PBXSourcesBuildPhase section */

/* Begin PBXVariantGroup section */
		A949CF5014C407DA003465E0 /* InfoPlist.strings */ = {
			isa = PBXVariantGroup;
			children = (
				A949CF5114C407DA003465E0 /* en */,
			);
			name = InfoPlist.strings;
			sourceTree = "<group>";
		};
		A949CF5C14C407DB003465E0 /* ViewController.xib */ = {
			isa = PBXVariantGroup;
			children = (
				A949CF5D14C407DB003465E0 /* en */,
			);
			name = ViewController.xib;
			sourceTree = "<group>";
		};
/* End PBXVariantGroup section */

/* Begin XCBuildConfiguration section */
		A949CF6214C407DB003465E0 /* Debug */ = {
			isa = XCBuildConfiguration;
			buildSettings = {
				ALWAYS_SEARCH_USER_PATHS = NO;
				ARCHS = "$(ARCHS_STANDARD_32_BIT)";
				"CODE_SIGN_IDENTITY[sdk=iphoneos*]" = "iPhone Developer";
				COPY_PHASE_STRIP = NO;
				GCC_C_LANGUAGE_STANDARD = gnu99;
				GCC_DYNAMIC_NO_PIC = NO;
				GCC_OPTIMIZATION_LEVEL = 0;
				GCC_PREPROCESSOR_DEFINITIONS = (
					"DEBUG=1",
					"$(inherited)",
				);
				GCC_SYMBOLS_PRIVATE_EXTERN = NO;
				GCC_VERSION = com.apple.compilers.llvm.clang.1_0;
				GCC_WARN_ABOUT_MISSING_PROTOTYPES = YES;
				GCC_WARN_ABOUT_RETURN_TYPE = YES;
				GCC_WARN_UNUSED_VARIABLE = YES;
				IPHONEOS_DEPLOYMENT_TARGET = 5.0;
				SDKROOT = iphoneos;
				TARGETED_DEVICE_FAMILY = "1,2";
			};
			name = Debug;
		};
		A949CF6314C407DB003465E0 /* Release */ = {
			isa = XCBuildConfiguration;
			buildSettings = {
				ALWAYS_SEARCH_USER_PATHS = NO;
				ARCHS = "$(ARCHS_STANDARD_32_BIT)";
				"CODE_SIGN_IDENTITY[sdk=iphoneos*]" = "iPhone Developer";
				COPY_PHASE_STRIP = YES;
				GCC_C_LANGUAGE_STANDARD = gnu99;
				GCC_VERSION = com.apple.compilers.llvm.clang.1_0;
				GCC_WARN_ABOUT_MISSING_PROTOTYPES = YES;
				GCC_WARN_ABOUT_RETURN_TYPE = YES;
				GCC_WARN_UNUSED_VARIABLE = YES;
				IPHONEOS_DEPLOYMENT_TARGET = 5.0;
				OTHER_CFLAGS = "-DNS_BLOCK_ASSERTIONS=1";
				SDKROOT = iphoneos;
				TARGETED_DEVICE_FAMILY = "1,2";
				VALIDATE_PRODUCT = YES;
			};
			name = Release;
		};
		A949CF6514C407DB003465E0 /* Debug */ = {
			isa = XCBuildConfiguration;
			buildSettings = {
				GCC_PRECOMPILE_PREFIX_HEADER = YES;
				GCC_PREFIX_HEADER = "ASStarRatingViewDemo/ASStarRatingViewDemo-Prefix.pch";
				INFOPLIST_FILE = "ASStarRatingViewDemo/ASStarRatingViewDemo-Info.plist";
				PRODUCT_NAME = "$(TARGET_NAME)";
				TARGETED_DEVICE_FAMILY = 1;
				WRAPPER_EXTENSION = app;
			};
			name = Debug;
		};
		A949CF6614C407DB003465E0 /* Release */ = {
			isa = XCBuildConfiguration;
			buildSettings = {
				GCC_PRECOMPILE_PREFIX_HEADER = YES;
				GCC_PREFIX_HEADER = "ASStarRatingViewDemo/ASStarRatingViewDemo-Prefix.pch";
				INFOPLIST_FILE = "ASStarRatingViewDemo/ASStarRatingViewDemo-Info.plist";
				PRODUCT_NAME = "$(TARGET_NAME)";
				TARGETED_DEVICE_FAMILY = 1;
				WRAPPER_EXTENSION = app;
			};
			name = Release;
		};
/* End XCBuildConfiguration section */

/* Begin XCConfigurationList section */
		A949CF3D14C407DA003465E0 /* Build configuration list for PBXProject "ASStarRatingViewDemo" */ = {
			isa = XCConfigurationList;
			buildConfigurations = (
				A949CF6214C407DB003465E0 /* Debug */,
				A949CF6314C407DB003465E0 /* Release */,
			);
			defaultConfigurationIsVisible = 0;
			defaultConfigurationName = Release;
		};
		A949CF6414C407DB003465E0 /* Build configuration list for PBXNativeTarget "ASStarRatingViewDemo" */ = {
			isa = XCConfigurationList;
			buildConfigurations = (
				A949CF6514C407DB003465E0 /* Debug */,
				A949CF6614C407DB003465E0 /* Release */,
			);
			defaultConfigurationIsVisible = 0;
			defaultConfigurationName = Release;
		};
/* End XCConfigurationList section */
	};
	rootObject = A949CF3A14C407DA003465E0 /* Project object */;
}
